
Microsoft Visual Studio Solution File, Format Version 12.00
# Visual Studio 15
VisualStudioVersion = 15.0.28307.329
MinimumVisualStudioVersion = 10.0.40219.1
Project("{FAE04EC0-301F-11D3-BF4B-00C04F79EFBC}") = "Watcher", "Watcher\Watcher.csproj", "{E61238DA-1242-40F2-8455-7292D6CF8CC6}"
EndProject
Project("{FAE04EC0-301F-11D3-BF4B-00C04F79EFBC}") = "Server", "Server\Server.csproj", "{9A1EF0AA-CB6C-4B46-81C8-4A20A8D4FB8F}"
EndProject
Project("{54435603-DBB4-11D2-8724-00A0C9A8B90C}") = "ServerInstaller", "ServerInstaller\ServerInstaller.vdproj", "{54957F7B-A58D-43A3-BB03-4786398E8064}"
EndProject
Project("{54435603-DBB4-11D2-8724-00A0C9A8B90C}") = "MonitorToolInstaller", "MonitorToolInstaller\MonitorToolInstaller.vdproj", "{79342F32-DB25-469B-B0F7-68954547082C}"
EndProject
Global
	GlobalSection(SolutionConfigurationPlatforms) = preSolution
		Debug|Any CPU = Debug|Any CPU
		Release|Any CPU = Release|Any CPU
	EndGlobalSection
	GlobalSection(ProjectConfigurationPlatforms) = postSolution
		{E61238DA-1242-40F2-8455-7292D6CF8CC6}.Debug|Any CPU.ActiveCfg = Debug|Any CPU
		{E61238DA-1242-40F2-8455-7292D6CF8CC6}.Debug|Any CPU.Build.0 = Debug|Any CPU
		{E61238DA-1242-40F2-8455-7292D6CF8CC6}.Release|Any CPU.ActiveCfg = Release|Any CPU
		{E61238DA-1242-40F2-8455-7292D6CF8CC6}.Release|Any CPU.Build.0 = Release|Any CPU
		{9A1EF0AA-CB6C-4B46-81C8-4A20A8D4FB8F}.Debug|Any CPU.ActiveCfg = Debug|Any CPU
		{9A1EF0AA-CB6C-4B46-81C8-4A20A8D4FB8F}.Debug|Any CPU.Build.0 = Debug|Any CPU
		{9A1EF0AA-CB6C-4B46-81C8-4A20A8D4FB8F}.Release|Any CPU.ActiveCfg = Release|Any CPU
		{9A1EF0AA-CB6C-4B46-81C8-4A20A8D4FB8F}.Release|Any CPU.Build.0 = Release|Any CPU
		{54957F7B-A58D-43A3-BB03-4786398E8064}.Debug|Any CPU.ActiveCfg = Debug
		{54957F7B-A58D-43A3-BB03-4786398E8064}.Release|Any CPU.ActiveCfg = Release
		{79342F32-DB25-469B-B0F7-68954547082C}.Debug|Any CPU.ActiveCfg = Debug
		{79342F32-DB25-469B-B0F7-68954547082C}.Release|Any CPU.ActiveCfg = Release
	EndGlobalSection
	GlobalSection(SolutionProperties) = preSolution
		HideSolutionNode = FALSE
	EndGlobalSection
	GlobalSection(ExtensibilityGlobals) = postSolution
		SolutionGuid = {96AB8A55-AE8A-436B-981E-256393E36AFF}
	EndGlobalSection
EndGlobal
